// !$*UTF8*$!
{
	archiveVersion = 1;
	classes = {
	};
	objectVersion = 46;
	objects = {

/* Begin PBXBuildFile section */
		6907ADA11B5E644100723CFF /* InlineTextAttachment.m in Sources */ = {isa = PBXBuildFile; fileRef = 6907ADA01B5E644100723CFF /* InlineTextAttachment.m */; };
		6907ADA41B5E645800723CFF /* NSAttributedString+Processing.m in Sources */ = {isa = PBXBuildFile; fileRef = 6907ADA31B5E645800723CFF /* NSAttributedString+Processing.m */; };
		6919B94D1B60EB60000EE885 /* AppDelegate.m in Sources */ = {isa = PBXBuildFile; fileRef = 6919B9411B60EB60000EE885 /* AppDelegate.m */; };
		6919B94E1B60EB60000EE885 /* LaunchScreen.xib in Resources */ = {isa = PBXBuildFile; fileRef = 6919B9421B60EB60000EE885 /* LaunchScreen.xib */; };
		6919B94F1B60EB60000EE885 /* Main.storyboard in Resources */ = {isa = PBXBuildFile; fileRef = 6919B9441B60EB60000EE885 /* Main.storyboard */; };
		6919B9501B60EB60000EE885 /* CustomTableViewCell.m in Sources */ = {isa = PBXBuildFile; fileRef = 6919B9471B60EB60000EE885 /* CustomTableViewCell.m */; };
		6919B9511B60EB60000EE885 /* Images.xcassets in Resources */ = {isa = PBXBuildFile; fileRef = 6919B9481B60EB60000EE885 /* Images.xcassets */; };
		6919B9521B60EB60000EE885 /* MainViewController.m in Sources */ = {isa = PBXBuildFile; fileRef = 6919B94A1B60EB60000EE885 /* MainViewController.m */; };
		6919B9531B60EB60000EE885 /* ViewController.m in Sources */ = {isa = PBXBuildFile; fileRef = 6919B94C1B60EB60000EE885 /* ViewController.m */; };
		69CCA6ED1AC58ADD00D8CAC0 /* PatternDescriptor.m in Sources */ = {isa = PBXBuildFile; fileRef = 69CCA6EC1AC58ADD00D8CAC0 /* PatternDescriptor.m */; };
		69D5E56B1AB3040D00B64BDE /* main.m in Sources */ = {isa = PBXBuildFile; fileRef = 69D5E56A1AB3040D00B64BDE /* main.m */; };
		69D5E5851AB3040D00B64BDE /* ResponsiveLabelTests.m in Sources */ = {isa = PBXBuildFile; fileRef = 69D5E5841AB3040D00B64BDE /* ResponsiveLabelTests.m */; };
		69D5E5901AB3045B00B64BDE /* ResponsiveLabel.m in Sources */ = {isa = PBXBuildFile; fileRef = 69D5E58F1AB3045B00B64BDE /* ResponsiveLabel.m */; };
		69FA99861B8F26E300FD8AD8 /* CustomLayoutManager.m in Sources */ = {isa = PBXBuildFile; fileRef = 69FA99851B8F26E300FD8AD8 /* CustomLayoutManager.m */; };
/* End PBXBuildFile section */

/* Begin PBXContainerItemProxy section */
		69D5E57F1AB3040D00B64BDE /* PBXContainerItemProxy */ = {
			isa = PBXContainerItemProxy;
			containerPortal = 69D5E55D1AB3040D00B64BDE /* Project object */;
			proxyType = 1;
			remoteGlobalIDString = 69D5E5641AB3040D00B64BDE;
			remoteInfo = ResponsiveLabel;
		};
/* End PBXContainerItemProxy section */

/* Begin PBXFileReference section */
		6907AD9F1B5E644100723CFF /* InlineTextAttachment.h */ = {isa = PBXFileReference; fileEncoding = 4; lastKnownFileType = sourcecode.c.h; name = InlineTextAttachment.h; path = Source/InlineTextAttachment.h; sourceTree = "<group>"; };
		6907ADA01B5E644100723CFF /* InlineTextAttachment.m */ = {isa = PBXFileReference; fileEncoding = 4; lastKnownFileType = sourcecode.c.objc; name = InlineTextAttachment.m; path = Source/InlineTextAttachment.m; sourceTree = "<group>"; };
		6907ADA21B5E645800723CFF /* NSAttributedString+Processing.h */ = {isa = PBXFileReference; fileEncoding = 4; lastKnownFileType = sourcecode.c.h; name = "NSAttributedString+Processing.h"; path = "Source/NSAttributedString+Processing.h"; sourceTree = "<group>"; };
		6907ADA31B5E645800723CFF /* NSAttributedString+Processing.m */ = {isa = PBXFileReference; fileEncoding = 4; lastKnownFileType = sourcecode.c.objc; name = "NSAttributedString+Processing.m"; path = "Source/NSAttributedString+Processing.m"; sourceTree = "<group>"; };
		6919B9401B60EB60000EE885 /* AppDelegate.h */ = {isa = PBXFileReference; fileEncoding = 4; lastKnownFileType = sourcecode.c.h; path = AppDelegate.h; sourceTree = "<group>"; };
		6919B9411B60EB60000EE885 /* AppDelegate.m */ = {isa = PBXFileReference; fileEncoding = 4; lastKnownFileType = sourcecode.c.objc; path = AppDelegate.m; sourceTree = "<group>"; };
		6919B9431B60EB60000EE885 /* Base */ = {isa = PBXFileReference; lastKnownFileType = file.xib; name = Base; path = Base.lproj/LaunchScreen.xib; sourceTree = "<group>"; };
		6919B9451B60EB60000EE885 /* Base */ = {isa = PBXFileReference; lastKnownFileType = file.storyboard; name = Base; path = Base.lproj/Main.storyboard; sourceTree = "<group>"; };
		6919B9461B60EB60000EE885 /* CustomTableViewCell.h */ = {isa = PBXFileReference; fileEncoding = 4; lastKnownFileType = sourcecode.c.h; path = CustomTableViewCell.h; sourceTree = "<group>"; };
		6919B9471B60EB60000EE885 /* CustomTableViewCell.m */ = {isa = PBXFileReference; fileEncoding = 4; lastKnownFileType = sourcecode.c.objc; path = CustomTableViewCell.m; sourceTree = "<group>"; };
		6919B9481B60EB60000EE885 /* Images.xcassets */ = {isa = PBXFileReference; lastKnownFileType = folder.assetcatalog; path = Images.xcassets; sourceTree = "<group>"; };
		6919B9491B60EB60000EE885 /* MainViewController.h */ = {isa = PBXFileReference; fileEncoding = 4; lastKnownFileType = sourcecode.c.h; path = MainViewController.h; sourceTree = "<group>"; };
		6919B94A1B60EB60000EE885 /* MainViewController.m */ = {isa = PBXFileReference; fileEncoding = 4; lastKnownFileType = sourcecode.c.objc; path = MainViewController.m; sourceTree = "<group>"; };
		6919B94B1B60EB60000EE885 /* ViewController.h */ = {isa = PBXFileReference; fileEncoding = 4; lastKnownFileType = sourcecode.c.h; path = ViewController.h; sourceTree = "<group>"; };
		6919B94C1B60EB60000EE885 /* ViewController.m */ = {isa = PBXFileReference; fileEncoding = 4; lastKnownFileType = sourcecode.c.objc; path = ViewController.m; sourceTree = "<group>"; };
		69CCA6EB1AC58ADD00D8CAC0 /* PatternDescriptor.h */ = {isa = PBXFileReference; fileEncoding = 4; lastKnownFileType = sourcecode.c.h; name = PatternDescriptor.h; path = Source/PatternDescriptor.h; sourceTree = "<group>"; };
		69CCA6EC1AC58ADD00D8CAC0 /* PatternDescriptor.m */ = {isa = PBXFileReference; fileEncoding = 4; lastKnownFileType = sourcecode.c.objc; name = PatternDescriptor.m; path = Source/PatternDescriptor.m; sourceTree = "<group>"; };
		69D5E5651AB3040D00B64BDE /* ResponsiveLabel.app */ = {isa = PBXFileReference; explicitFileType = wrapper.application; includeInIndex = 0; path = ResponsiveLabel.app; sourceTree = BUILT_PRODUCTS_DIR; };
		69D5E5691AB3040D00B64BDE /* Info.plist */ = {isa = PBXFileReference; lastKnownFileType = text.plist.xml; path = Info.plist; sourceTree = "<group>"; };
		69D5E56A1AB3040D00B64BDE /* main.m */ = {isa = PBXFileReference; lastKnownFileType = sourcecode.c.objc; path = main.m; sourceTree = "<group>"; };
		69D5E57E1AB3040D00B64BDE /* ResponsiveLabelTests.xctest */ = {isa = PBXFileReference; explicitFileType = wrapper.cfbundle; includeInIndex = 0; path = ResponsiveLabelTests.xctest; sourceTree = BUILT_PRODUCTS_DIR; };
		69D5E5831AB3040D00B64BDE /* Info.plist */ = {isa = PBXFileReference; lastKnownFileType = text.plist.xml; path = Info.plist; sourceTree = "<group>"; };
		69D5E5841AB3040D00B64BDE /* ResponsiveLabelTests.m */ = {isa = PBXFileReference; lastKnownFileType = sourcecode.c.objc; path = ResponsiveLabelTests.m; sourceTree = "<group>"; };
		69D5E58E1AB3045B00B64BDE /* ResponsiveLabel.h */ = {isa = PBXFileReference; fileEncoding = 4; lastKnownFileType = sourcecode.c.h; name = ResponsiveLabel.h; path = Source/ResponsiveLabel.h; sourceTree = "<group>"; };
		69D5E58F1AB3045B00B64BDE /* ResponsiveLabel.m */ = {isa = PBXFileReference; fileEncoding = 4; lastKnownFileType = sourcecode.c.objc; name = ResponsiveLabel.m; path = Source/ResponsiveLabel.m; sourceTree = "<group>"; };
		69FA99841B8F26E300FD8AD8 /* CustomLayoutManager.h */ = {isa = PBXFileReference; fileEncoding = 4; lastKnownFileType = sourcecode.c.h; name = CustomLayoutManager.h; path = Source/CustomLayoutManager.h; sourceTree = "<group>"; };
		69FA99851B8F26E300FD8AD8 /* CustomLayoutManager.m */ = {isa = PBXFileReference; fileEncoding = 4; lastKnownFileType = sourcecode.c.objc; name = CustomLayoutManager.m; path = Source/CustomLayoutManager.m; sourceTree = "<group>"; };
/* End PBXFileReference section */

/* Begin PBXFrameworksBuildPhase section */
		69D5E5621AB3040D00B64BDE /* Frameworks */ = {
			isa = PBXFrameworksBuildPhase;
			buildActionMask = 2147483647;
			files = (
			);
			runOnlyForDeploymentPostprocessing = 0;
		};
		69D5E57B1AB3040D00B64BDE /* Frameworks */ = {
			isa = PBXFrameworksBuildPhase;
			buildActionMask = 2147483647;
			files = (
			);
			runOnlyForDeploymentPostprocessing = 0;
		};
/* End PBXFrameworksBuildPhase section */

/* Begin PBXGroup section */
		6919B93F1B60EB60000EE885 /* Demo Project */ = {
			isa = PBXGroup;
			children = (
				6919B9481B60EB60000EE885 /* Images.xcassets */,
				6919B9421B60EB60000EE885 /* LaunchScreen.xib */,
				6919B9441B60EB60000EE885 /* Main.storyboard */,
				6919B9401B60EB60000EE885 /* AppDelegate.h */,
				6919B9411B60EB60000EE885 /* AppDelegate.m */,
				6919B9461B60EB60000EE885 /* CustomTableViewCell.h */,
				6919B9471B60EB60000EE885 /* CustomTableViewCell.m */,
				6919B9491B60EB60000EE885 /* MainViewController.h */,
				6919B94A1B60EB60000EE885 /* MainViewController.m */,
				6919B94B1B60EB60000EE885 /* ViewController.h */,
				6919B94C1B60EB60000EE885 /* ViewController.m */,
			);
			path = "Demo Project";
			sourceTree = "<group>";
		};
		69D5E55C1AB3040D00B64BDE = {
			isa = PBXGroup;
			children = (
				69D5E5671AB3040D00B64BDE /* ResponsiveLabel */,
				69D5E5811AB3040D00B64BDE /* ResponsiveLabelTests */,
				69D5E5661AB3040D00B64BDE /* Products */,
			);
			sourceTree = "<group>";
		};
		69D5E5661AB3040D00B64BDE /* Products */ = {
			isa = PBXGroup;
			children = (
				69D5E5651AB3040D00B64BDE /* ResponsiveLabel.app */,
				69D5E57E1AB3040D00B64BDE /* ResponsiveLabelTests.xctest */,
			);
			name = Products;
			sourceTree = "<group>";
		};
		69D5E5671AB3040D00B64BDE /* ResponsiveLabel */ = {
			isa = PBXGroup;
			children = (
				6919B93F1B60EB60000EE885 /* Demo Project */,
				69D5E5681AB3040D00B64BDE /* Supporting Files */,
				69D5E5911AB3045F00B64BDE /* Source */,
			);
			path = ResponsiveLabel;
			sourceTree = "<group>";
		};
		69D5E5681AB3040D00B64BDE /* Supporting Files */ = {
			isa = PBXGroup;
			children = (
				69D5E5691AB3040D00B64BDE /* Info.plist */,
				69D5E56A1AB3040D00B64BDE /* main.m */,
			);
			name = "Supporting Files";
			sourceTree = "<group>";
		};
		69D5E5811AB3040D00B64BDE /* ResponsiveLabelTests */ = {
			isa = PBXGroup;
			children = (
				69D5E5841AB3040D00B64BDE /* ResponsiveLabelTests.m */,
				69D5E5821AB3040D00B64BDE /* Supporting Files */,
			);
			path = ResponsiveLabelTests;
			sourceTree = "<group>";
		};
		69D5E5821AB3040D00B64BDE /* Supporting Files */ = {
			isa = PBXGroup;
			children = (
				69D5E5831AB3040D00B64BDE /* Info.plist */,
			);
			name = "Supporting Files";
			sourceTree = "<group>";
		};
		69D5E5911AB3045F00B64BDE /* Source */ = {
			isa = PBXGroup;
			children = (
				6907ADA21B5E645800723CFF /* NSAttributedString+Processing.h */,
				6907ADA31B5E645800723CFF /* NSAttributedString+Processing.m */,
				69D5E58E1AB3045B00B64BDE /* ResponsiveLabel.h */,
				69D5E58F1AB3045B00B64BDE /* ResponsiveLabel.m */,
				69FA99841B8F26E300FD8AD8 /* CustomLayoutManager.h */,
				69FA99851B8F26E300FD8AD8 /* CustomLayoutManager.m */,
				69CCA6EB1AC58ADD00D8CAC0 /* PatternDescriptor.h */,
				69CCA6EC1AC58ADD00D8CAC0 /* PatternDescriptor.m */,
				6907AD9F1B5E644100723CFF /* InlineTextAttachment.h */,
				6907ADA01B5E644100723CFF /* InlineTextAttachment.m */,
			);
			name = Source;
			sourceTree = "<group>";
		};
/* End PBXGroup section */

/* Begin PBXNativeTarget section */
		69D5E5641AB3040D00B64BDE /* ResponsiveLabel */ = {
			isa = PBXNativeTarget;
			buildConfigurationList = 69D5E5881AB3040D00B64BDE /* Build configuration list for PBXNativeTarget "ResponsiveLabel" */;
			buildPhases = (
				69D5E5611AB3040D00B64BDE /* Sources */,
				69D5E5621AB3040D00B64BDE /* Frameworks */,
				69D5E5631AB3040D00B64BDE /* Resources */,
			);
			buildRules = (
			);
			dependencies = (
			);
			name = ResponsiveLabel;
			productName = ResponsiveLabel;
			productReference = 69D5E5651AB3040D00B64BDE /* ResponsiveLabel.app */;
			productType = "com.apple.product-type.application";
		};
		69D5E57D1AB3040D00B64BDE /* ResponsiveLabelTests */ = {
			isa = PBXNativeTarget;
			buildConfigurationList = 69D5E58B1AB3040D00B64BDE /* Build configuration list for PBXNativeTarget "ResponsiveLabelTests" */;
			buildPhases = (
				69D5E57A1AB3040D00B64BDE /* Sources */,
				69D5E57B1AB3040D00B64BDE /* Frameworks */,
				69D5E57C1AB3040D00B64BDE /* Resources */,
			);
			buildRules = (
			);
			dependencies = (
				69D5E5801AB3040D00B64BDE /* PBXTargetDependency */,
			);
			name = ResponsiveLabelTests;
			productName = ResponsiveLabelTests;
			productReference = 69D5E57E1AB3040D00B64BDE /* ResponsiveLabelTests.xctest */;
			productType = "com.apple.product-type.bundle.unit-test";
		};
/* End PBXNativeTarget section */

/* Begin PBXProject section */
		69D5E55D1AB3040D00B64BDE /* Project object */ = {
			isa = PBXProject;
			attributes = {
				LastUpgradeCheck = 0620;
				ORGANIZATIONNAME = hsusmita.com;
				TargetAttributes = {
					69D5E5641AB3040D00B64BDE = {
						CreatedOnToolsVersion = 6.2;
					};
					69D5E57D1AB3040D00B64BDE = {
						CreatedOnToolsVersion = 6.2;
						TestTargetID = 69D5E5641AB3040D00B64BDE;
					};
				};
			};
			buildConfigurationList = 69D5E5601AB3040D00B64BDE /* Build configuration list for PBXProject "ResponsiveLabel" */;
			compatibilityVersion = "Xcode 3.2";
			developmentRegion = English;
			hasScannedForEncodings = 0;
			knownRegions = (
				en,
				Base,
			);
			mainGroup = 69D5E55C1AB3040D00B64BDE;
			productRefGroup = 69D5E5661AB3040D00B64BDE /* Products */;
			projectDirPath = "";
			projectRoot = "";
			targets = (
				69D5E5641AB3040D00B64BDE /* ResponsiveLabel */,
				69D5E57D1AB3040D00B64BDE /* ResponsiveLabelTests */,
			);
		};
/* End PBXProject section */

/* Begin PBXResourcesBuildPhase section */
		69D5E5631AB3040D00B64BDE /* Resources */ = {
			isa = PBXResourcesBuildPhase;
			buildActionMask = 2147483647;
			files = (
				6919B94E1B60EB60000EE885 /* LaunchScreen.xib in Resources */,
				6919B94F1B60EB60000EE885 /* Main.storyboard in Resources */,
				6919B9511B60EB60000EE885 /* Images.xcassets in Resources */,
			);
			runOnlyForDeploymentPostprocessing = 0;
		};
		69D5E57C1AB3040D00B64BDE /* Resources */ = {
			isa = PBXResourcesBuildPhase;
			buildActionMask = 2147483647;
			files = (
			);
			runOnlyForDeploymentPostprocessing = 0;
		};
/* End PBXResourcesBuildPhase section */

/* Begin PBXSourcesBuildPhase section */
		69D5E5611AB3040D00B64BDE /* Sources */ = {
			isa = PBXSourcesBuildPhase;
			buildActionMask = 2147483647;
			files = (
				69FA99861B8F26E300FD8AD8 /* CustomLayoutManager.m in Sources */,
				69CCA6ED1AC58ADD00D8CAC0 /* PatternDescriptor.m in Sources */,
				6907ADA11B5E644100723CFF /* InlineTextAttachment.m in Sources */,
				6919B94D1B60EB60000EE885 /* AppDelegate.m in Sources */,
				6919B9501B60EB60000EE885 /* CustomTableViewCell.m in Sources */,
				6919B9531B60EB60000EE885 /* ViewController.m in Sources */,
				6919B9521B60EB60000EE885 /* MainViewController.m in Sources */,
				6907ADA41B5E645800723CFF /* NSAttributedString+Processing.m in Sources */,
				69D5E5901AB3045B00B64BDE /* ResponsiveLabel.m in Sources */,
				69D5E56B1AB3040D00B64BDE /* main.m in Sources */,
			);
			runOnlyForDeploymentPostprocessing = 0;
		};
		69D5E57A1AB3040D00B64BDE /* Sources */ = {
			isa = PBXSourcesBuildPhase;
			buildActionMask = 2147483647;
			files = (
				69D5E5851AB3040D00B64BDE /* ResponsiveLabelTests.m in Sources */,
			);
			runOnlyForDeploymentPostprocessing = 0;
		};
/* End PBXSourcesBuildPhase section */

/* Begin PBXTargetDependency section */
		69D5E5801AB3040D00B64BDE /* PBXTargetDependency */ = {
			isa = PBXTargetDependency;
			target = 69D5E5641AB3040D00B64BDE /* ResponsiveLabel */;
			targetProxy = 69D5E57F1AB3040D00B64BDE /* PBXContainerItemProxy */;
		};
/* End PBXTargetDependency section */

/* Begin PBXVariantGroup section */
		6919B9421B60EB60000EE885 /* LaunchScreen.xib */ = {
			isa = PBXVariantGroup;
			children = (
				6919B9431B60EB60000EE885 /* Base */,
			);
			name = LaunchScreen.xib;
			sourceTree = "<group>";
		};
		6919B9441B60EB60000EE885 /* Main.storyboard */ = {
			isa = PBXVariantGroup;
			children = (
				6919B9451B60EB60000EE885 /* Base */,
			);
			name = Main.storyboard;
			sourceTree = "<group>";
		};
/* End PBXVariantGroup section */

/* Begin XCBuildConfiguration section */
		69D5E5861AB3040D00B64BDE /* Debug */ = {
			isa = XCBuildConfiguration;
			buildSettings = {
				ALWAYS_SEARCH_USER_PATHS = NO;
				CLANG_CXX_LANGUAGE_STANDARD = "gnu++0x";
				CLANG_CXX_LIBRARY = "libc++";
				CLANG_ENABLE_MODULES = YES;
				CLANG_ENABLE_OBJC_ARC = YES;
				CLANG_WARN_BOOL_CONVERSION = YES;
				CLANG_WARN_CONSTANT_CONVERSION = YES;
				CLANG_WARN_DIRECT_OBJC_ISA_USAGE = YES_ERROR;
				CLANG_WARN_EMPTY_BODY = YES;
				CLANG_WARN_ENUM_CONVERSION = YES;
				CLANG_WARN_INT_CONVERSION = YES;
				CLANG_WARN_OBJC_ROOT_CLASS = YES_ERROR;
				CLANG_WARN_UNREACHABLE_CODE = YES;
				CLANG_WARN__DUPLICATE_METHOD_MATCH = YES;
				"CODE_SIGN_IDENTITY[sdk=iphoneos*]" = "iPhone Developer";
				COPY_PHASE_STRIP = NO;
				ENABLE_STRICT_OBJC_MSGSEND = YES;
				GCC_C_LANGUAGE_STANDARD = gnu99;
				GCC_DYNAMIC_NO_PIC = NO;
				GCC_OPTIMIZATION_LEVEL = 0;
				GCC_PREPROCESSOR_DEFINITIONS = (
					"DEBUG=1",
					"$(inherited)",
				);
				GCC_SYMBOLS_PRIVATE_EXTERN = NO;
				GCC_WARN_64_TO_32_BIT_CONVERSION = YES;
				GCC_WARN_ABOUT_RETURN_TYPE = YES_ERROR;
				GCC_WARN_UNDECLARED_SELECTOR = YES;
				GCC_WARN_UNINITIALIZED_AUTOS = YES_AGGRESSIVE;
				GCC_WARN_UNUSED_FUNCTION = YES;
				GCC_WARN_UNUSED_VARIABLE = YES;
				IPHONEOS_DEPLOYMENT_TARGET = 7.0;
				MTL_ENABLE_DEBUG_INFO = YES;
				ONLY_ACTIVE_ARCH = YES;
				SDKROOT = iphoneos;
			};
			name = Debug;
		};
		69D5E5871AB3040D00B64BDE /* Release */ = {
			isa = XCBuildConfiguration;
			buildSettings = {
				ALWAYS_SEARCH_USER_PATHS = NO;
				CLANG_CXX_LANGUAGE_STANDARD = "gnu++0x";
				CLANG_CXX_LIBRARY = "libc++";
				CLANG_ENABLE_MODULES = YES;
				CLANG_ENABLE_OBJC_ARC = YES;
				CLANG_WARN_BOOL_CONVERSION = YES;
				CLANG_WARN_CONSTANT_CONVERSION = YES;
				CLANG_WARN_DIRECT_OBJC_ISA_USAGE = YES_ERROR;
				CLANG_WARN_EMPTY_BODY = YES;
				CLANG_WARN_ENUM_CONVERSION = YES;
				CLANG_WARN_INT_CONVERSION = YES;
				CLANG_WARN_OBJC_ROOT_CLASS = YES_ERROR;
				CLANG_WARN_UNREACHABLE_CODE = YES;
				CLANG_WARN__DUPLICATE_METHOD_MATCH = YES;
				"CODE_SIGN_IDENTITY[sdk=iphoneos*]" = "iPhone Developer";
				COPY_PHASE_STRIP = NO;
				ENABLE_NS_ASSERTIONS = NO;
				ENABLE_STRICT_OBJC_MSGSEND = YES;
				GCC_C_LANGUAGE_STANDARD = gnu99;
				GCC_WARN_64_TO_32_BIT_CONVERSION = YES;
				GCC_WARN_ABOUT_RETURN_TYPE = YES_ERROR;
				GCC_WARN_UNDECLARED_SELECTOR = YES;
				GCC_WARN_UNINITIALIZED_AUTOS = YES_AGGRESSIVE;
				GCC_WARN_UNUSED_FUNCTION = YES;
				GCC_WARN_UNUSED_VARIABLE = YES;
				IPHONEOS_DEPLOYMENT_TARGET = 7.0;
				MTL_ENABLE_DEBUG_INFO = NO;
				SDKROOT = iphoneos;
				VALIDATE_PRODUCT = YES;
			};
			name = Release;
		};
		69D5E5891AB3040D00B64BDE /* Debug */ = {
			isa = XCBuildConfiguration;
			buildSettings = {
				ASSETCATALOG_COMPILER_APPICON_NAME = AppIcon;
				INFOPLIST_FILE = ResponsiveLabel/Info.plist;
				IPHONEOS_DEPLOYMENT_TARGET = 7.1;
				LD_RUNPATH_SEARCH_PATHS = "$(inherited) @executable_path/Frameworks";
				PRODUCT_NAME = "$(TARGET_NAME)";
			};
			name = Debug;
		};
		69D5E58A1AB3040D00B64BDE /* Release */ = {
			isa = XCBuildConfiguration;
			buildSettings = {
				ASSETCATALOG_COMPILER_APPICON_NAME = AppIcon;
				INFOPLIST_FILE = ResponsiveLabel/Info.plist;
				IPHONEOS_DEPLOYMENT_TARGET = 7.1;
				LD_RUNPATH_SEARCH_PATHS = "$(inherited) @executable_path/Frameworks";
				PRODUCT_NAME = "$(TARGET_NAME)";
			};
			name = Release;
		};
		69D5E58C1AB3040D00B64BDE /* Debug */ = {
			isa = XCBuildConfiguration;
			buildSettings = {
				BUNDLE_LOADER = "$(TEST_HOST)";
				FRAMEWORK_SEARCH_PATHS = (
					"$(SDKROOT)/Developer/Library/Frameworks",
					"$(inherited)",
				);
				GCC_PREPROCESSOR_DEFINITIONS = (
					"DEBUG=1",
					"$(inherited)",
				);
				INFOPLIST_FILE = ResponsiveLabelTests/Info.plist;
				LD_RUNPATH_SEARCH_PATHS = "$(inherited) @executable_path/Frameworks @loader_path/Frameworks";
				PRODUCT_NAME = "$(TARGET_NAME)";
				SDKROOT = iphoneos;
				TEST_HOST = "$(BUILT_PRODUCTS_DIR)/ResponsiveLabel.app/ResponsiveLabel";
			};
			name = Debug;
		};
		69D5E58D1AB3040D00B64BDE /* Release */ = {
			isa = XCBuildConfiguration;
			buildSettings = {
				BUNDLE_LOADER = "$(TEST_HOST)";
				FRAMEWORK_SEARCH_PATHS = (
					"$(SDKROOT)/Developer/Library/Frameworks",
					"$(inherited)",
				);
				INFOPLIST_FILE = ResponsiveLabelTests/Info.plist;
				LD_RUNPATH_SEARCH_PATHS = "$(inherited) @executable_path/Frameworks @loader_path/Frameworks";
				PRODUCT_NAME = "$(TARGET_NAME)";
				SDKROOT = iphoneos;
				TEST_HOST = "$(BUILT_PRODUCTS_DIR)/ResponsiveLabel.app/ResponsiveLabel";
			};
			name = Release;
		};
/* End XCBuildConfiguration section */

/* Begin XCConfigurationList section */
		69D5E5601AB3040D00B64BDE /* Build configuration list for PBXProject "ResponsiveLabel" */ = {
			isa = XCConfigurationList;
			buildConfigurations = (
				69D5E5861AB3040D00B64BDE /* Debug */,
				69D5E5871AB3040D00B64BDE /* Release */,
			);
			defaultConfigurationIsVisible = 0;
			defaultConfigurationName = Release;
		};
		69D5E5881AB3040D00B64BDE /* Build configuration list for PBXNativeTarget "ResponsiveLabel" */ = {
			isa = XCConfigurationList;
			buildConfigurations = (
				69D5E5891AB3040D00B64BDE /* Debug */,
				69D5E58A1AB3040D00B64BDE /* Release */,
			);
			defaultConfigurationIsVisible = 0;
			defaultConfigurationName = Release;
		};
		69D5E58B1AB3040D00B64BDE /* Build configuration list for PBXNativeTarget "ResponsiveLabelTests" */ = {
			isa = XCConfigurationList;
			buildConfigurations = (
				69D5E58C1AB3040D00B64BDE /* Debug */,
				69D5E58D1AB3040D00B64BDE /* Release */,
			);
			defaultConfigurationIsVisible = 0;
			defaultConfigurationName = Release;
		};
/* End XCConfigurationList section */
	};
	rootObject = 69D5E55D1AB3040D00B64BDE /* Project object */;
}
